
Microsoft Visual Studio Solution File, Format Version 12.00
Project("{FAE04EC0-301F-11D3-BF4B-00C04F79EFBC}") = "PriorityQueueWithDoubleLinkedList", "PriorityQueueWithDoubleLinkedList.csproj", "{04030BF2-3CC3-42BE-8730-B78FC8E557DE}"
EndProject
Global
	GlobalSection(SolutionConfigurationPlatforms) = preSolution
		Debug|Any CPU = Debug|Any CPU
		Release|Any CPU = Release|Any CPU
	EndGlobalSection
	GlobalSection(ProjectConfigurationPlatforms) = postSolution
		{04030BF2-3CC3-42BE-8730-B78FC8E557DE}.Debug|Any CPU.ActiveCfg = Debug|Any CPU
		{04030BF2-3CC3-42BE-8730-B78FC8E557DE}.Debug|Any CPU.Build.0 = Debug|Any CPU
		{04030BF2-3CC3-42BE-8730-B78FC8E557DE}.Release|Any CPU.ActiveCfg = Release|Any CPU
		{04030BF2-3CC3-42BE-8730-B78FC8E557DE}.Release|Any CPU.Build.0 = Release|Any CPU
	EndGlobalSection
EndGlobal
